
Microsoft Visual Studio Solution File, Format Version 12.00
# Visual Studio 15
Project("{FAE04EC0-301F-11D3-BF4B-00C04F79EFBC}") = "EkspedisiJKL", "EkspedisiJKL\EkspedisiJKL.csproj", "{503DFD23-CDBB-48F2-BCBF-A0D6A69AB492}"
EndProject
Global
	GlobalSection(SolutionConfigurationPlatforms) = preSolution
		Debug|Any CPU = Debug|Any CPU
		Release|Any CPU = Release|Any CPU
	EndGlobalSection
	GlobalSection(ProjectConfigurationPlatforms) = postSolution
		{503DFD23-CDBB-48F2-BCBF-A0D6A69AB492}.Debug|Any CPU.ActiveCfg = Debug|Any CPU
		{503DFD23-CDBB-48F2-BCBF-A0D6A69AB492}.Debug|Any CPU.Build.0 = Debug|Any CPU
		{503DFD23-CDBB-48F2-BCBF-A0D6A69AB492}.Release|Any CPU.ActiveCfg = Release|Any CPU
		{503DFD23-CDBB-48F2-BCBF-A0D6A69AB492}.Release|Any CPU.Build.0 = Release|Any CPU
	EndGlobalSection
EndGlobal
